
Microsoft Visual Studio Solution File, Format Version 12.00
# Visual Studio Version 17
VisualStudioVersion = 17.3.32819.101
MinimumVisualStudioVersion = 10.0.40219.1
Project("{FAE04EC0-301F-11D3-BF4B-00C04F79EFBC}") = "PG_System", "PG_System.csproj", "{561E5351-BBCF-46CA-8DA6-04883F8F6B68}"
EndProject
Global
	GlobalSection(SolutionConfigurationPlatforms) = preSolution
		Debug|Any CPU = Debug|Any CPU
		Release|Any CPU = Release|Any CPU
	EndGlobalSection
	GlobalSection(ProjectConfigurationPlatforms) = postSolution
		{561E5351-BBCF-46CA-8DA6-04883F8F6B68}.Debug|Any CPU.ActiveCfg = Debug|Any CPU
		{561E5351-BBCF-46CA-8DA6-04883F8F6B68}.Debug|Any CPU.Build.0 = Debug|Any CPU
		{561E5351-BBCF-46CA-8DA6-04883F8F6B68}.Release|Any CPU.ActiveCfg = Release|Any CPU
		{561E5351-BBCF-46CA-8DA6-04883F8F6B68}.Release|Any CPU.Build.0 = Release|Any CPU
	EndGlobalSection
	GlobalSection(SolutionProperties) = preSolution
		HideSolutionNode = FALSE
	EndGlobalSection
	GlobalSection(ExtensibilityGlobals) = postSolution
		SolutionGuid = {7F7B45B5-771C-40EF-A316-70E7526CAA8F}
	EndGlobalSection
EndGlobal
